
Microsoft Visual Studio Solution File, Format Version 12.00
# Visual Studio Version 17
VisualStudioVersion = 17.7.34221.43
MinimumVisualStudioVersion = 10.0.40219.1
Project("{FAE04EC0-301F-11D3-BF4B-00C04F79EFBC}") = "AutomationTestTraining", "AutomationTestTraining\AutomationTestTraining.csproj", "{8595D6CA-7898-4027-9060-629326215CE6}"
EndProject
Project("{FAE04EC0-301F-11D3-BF4B-00C04F79EFBC}") = "AnotherAssembly", "AnotherAssembly\AnotherAssembly.csproj", "{981DEE95-B417-4CB0-B00D-32B48B6CBB71}"
EndProject
Project("{FAE04EC0-301F-11D3-BF4B-00C04F79EFBC}") = "SeleniumTraining", "SeleniumTraining\SeleniumTraining.csproj", "{BD5C5260-D74A-41E0-BCB6-174303581418}"
EndProject
Project("{FAE04EC0-301F-11D3-BF4B-00C04F79EFBC}") = "SpecFlowTraining", "SpecFlowTraining\SpecFlowTraining.csproj", "{E6705FCA-B633-4050-866E-DAE0B6FA02CA}"
EndProject
Global
	GlobalSection(SolutionConfigurationPlatforms) = preSolution
		Debug|Any CPU = Debug|Any CPU
		Release|Any CPU = Release|Any CPU
	EndGlobalSection
	GlobalSection(ProjectConfigurationPlatforms) = postSolution
		{8595D6CA-7898-4027-9060-629326215CE6}.Debug|Any CPU.ActiveCfg = Debug|Any CPU
		{8595D6CA-7898-4027-9060-629326215CE6}.Debug|Any CPU.Build.0 = Debug|Any CPU
		{8595D6CA-7898-4027-9060-629326215CE6}.Release|Any CPU.ActiveCfg = Release|Any CPU
		{8595D6CA-7898-4027-9060-629326215CE6}.Release|Any CPU.Build.0 = Release|Any CPU
		{981DEE95-B417-4CB0-B00D-32B48B6CBB71}.Debug|Any CPU.ActiveCfg = Debug|Any CPU
		{981DEE95-B417-4CB0-B00D-32B48B6CBB71}.Debug|Any CPU.Build.0 = Debug|Any CPU
		{981DEE95-B417-4CB0-B00D-32B48B6CBB71}.Release|Any CPU.ActiveCfg = Release|Any CPU
		{981DEE95-B417-4CB0-B00D-32B48B6CBB71}.Release|Any CPU.Build.0 = Release|Any CPU
		{BD5C5260-D74A-41E0-BCB6-174303581418}.Debug|Any CPU.ActiveCfg = Debug|Any CPU
		{BD5C5260-D74A-41E0-BCB6-174303581418}.Debug|Any CPU.Build.0 = Debug|Any CPU
		{BD5C5260-D74A-41E0-BCB6-174303581418}.Release|Any CPU.ActiveCfg = Release|Any CPU
		{BD5C5260-D74A-41E0-BCB6-174303581418}.Release|Any CPU.Build.0 = Release|Any CPU
		{E6705FCA-B633-4050-866E-DAE0B6FA02CA}.Debug|Any CPU.ActiveCfg = Debug|Any CPU
		{E6705FCA-B633-4050-866E-DAE0B6FA02CA}.Debug|Any CPU.Build.0 = Debug|Any CPU
		{E6705FCA-B633-4050-866E-DAE0B6FA02CA}.Release|Any CPU.ActiveCfg = Release|Any CPU
		{E6705FCA-B633-4050-866E-DAE0B6FA02CA}.Release|Any CPU.Build.0 = Release|Any CPU
	EndGlobalSection
	GlobalSection(SolutionProperties) = preSolution
		HideSolutionNode = FALSE
	EndGlobalSection
	GlobalSection(ExtensibilityGlobals) = postSolution
		SolutionGuid = {DE9C7C71-602E-4711-B94D-76F33121A991}
	EndGlobalSection
EndGlobal
